
Microsoft Visual Studio Solution File, Format Version 12.00
# Visual Studio 15
VisualStudioVersion = 15.0.28010.2019
MinimumVisualStudioVersion = 10.0.40219.1
Project("{FAE04EC0-301F-11D3-BF4B-00C04F79EFBC}") = "FunWithArrays", "FunWithArrays\FunWithArrays.csproj", "{0D0BD7E8-008C-460A-8FF9-DC4CA82D41C5}"
EndProject
Global
	GlobalSection(SolutionConfigurationPlatforms) = preSolution
		Debug|Any CPU = Debug|Any CPU
		Release|Any CPU = Release|Any CPU
	EndGlobalSection
	GlobalSection(ProjectConfigurationPlatforms) = postSolution
		{0D0BD7E8-008C-460A-8FF9-DC4CA82D41C5}.Debug|Any CPU.ActiveCfg = Debug|Any CPU
		{0D0BD7E8-008C-460A-8FF9-DC4CA82D41C5}.Debug|Any CPU.Build.0 = Debug|Any CPU
		{0D0BD7E8-008C-460A-8FF9-DC4CA82D41C5}.Release|Any CPU.ActiveCfg = Release|Any CPU
		{0D0BD7E8-008C-460A-8FF9-DC4CA82D41C5}.Release|Any CPU.Build.0 = Release|Any CPU
	EndGlobalSection
	GlobalSection(SolutionProperties) = preSolution
		HideSolutionNode = FALSE
	EndGlobalSection
	GlobalSection(ExtensibilityGlobals) = postSolution
		SolutionGuid = {C8FEB0A8-579B-47B2-9616-77FAB2DC7094}
	EndGlobalSection
EndGlobal
