
Microsoft Visual Studio Solution File, Format Version 12.00
# Visual Studio 15
VisualStudioVersion = 15.0.28010.2016
MinimumVisualStudioVersion = 10.0.40219.1
Project("{FAE04EC0-301F-11D3-BF4B-00C04F79EFBC}") = "Metodelektion1", "Metodelektion1\Metodelektion1.csproj", "{87725BE8-ED9B-43F6-BBF2-E409D6E1E14D}"
EndProject
Global
	GlobalSection(SolutionConfigurationPlatforms) = preSolution
		Debug|Any CPU = Debug|Any CPU
		Release|Any CPU = Release|Any CPU
	EndGlobalSection
	GlobalSection(ProjectConfigurationPlatforms) = postSolution
		{87725BE8-ED9B-43F6-BBF2-E409D6E1E14D}.Debug|Any CPU.ActiveCfg = Debug|Any CPU
		{87725BE8-ED9B-43F6-BBF2-E409D6E1E14D}.Debug|Any CPU.Build.0 = Debug|Any CPU
		{87725BE8-ED9B-43F6-BBF2-E409D6E1E14D}.Release|Any CPU.ActiveCfg = Release|Any CPU
		{87725BE8-ED9B-43F6-BBF2-E409D6E1E14D}.Release|Any CPU.Build.0 = Release|Any CPU
	EndGlobalSection
	GlobalSection(SolutionProperties) = preSolution
		HideSolutionNode = FALSE
	EndGlobalSection
	GlobalSection(ExtensibilityGlobals) = postSolution
		SolutionGuid = {A4F2A373-E7E1-4CA6-B358-44DBF81B83A7}
	EndGlobalSection
EndGlobal
