
Microsoft Visual Studio Solution File, Format Version 12.00
# Visual Studio 15
VisualStudioVersion = 15.0.28010.2016
MinimumVisualStudioVersion = 10.0.40219.1
Project("{FAE04EC0-301F-11D3-BF4B-00C04F79EFBC}") = "String manipulation", "String manipulation\String manipulation.csproj", "{531DF4F1-FD3D-49DF-9731-09F512CA2DEC}"
EndProject
Global
	GlobalSection(SolutionConfigurationPlatforms) = preSolution
		Debug|Any CPU = Debug|Any CPU
		Release|Any CPU = Release|Any CPU
	EndGlobalSection
	GlobalSection(ProjectConfigurationPlatforms) = postSolution
		{531DF4F1-FD3D-49DF-9731-09F512CA2DEC}.Debug|Any CPU.ActiveCfg = Debug|Any CPU
		{531DF4F1-FD3D-49DF-9731-09F512CA2DEC}.Debug|Any CPU.Build.0 = Debug|Any CPU
		{531DF4F1-FD3D-49DF-9731-09F512CA2DEC}.Release|Any CPU.ActiveCfg = Release|Any CPU
		{531DF4F1-FD3D-49DF-9731-09F512CA2DEC}.Release|Any CPU.Build.0 = Release|Any CPU
	EndGlobalSection
	GlobalSection(SolutionProperties) = preSolution
		HideSolutionNode = FALSE
	EndGlobalSection
	GlobalSection(ExtensibilityGlobals) = postSolution
		SolutionGuid = {9DB148FC-56FA-4002-99D2-4904361C422D}
	EndGlobalSection
EndGlobal
