
Microsoft Visual Studio Solution File, Format Version 12.00
# Visual Studio 15
VisualStudioVersion = 15.0.28010.2016
MinimumVisualStudioVersion = 10.0.40219.1
Project("{FAE04EC0-301F-11D3-BF4B-00C04F79EFBC}") = "WPFTry", "WPFTry\WPFTry.csproj", "{2C515AD0-F114-475F-916B-7BE926C576B1}"
EndProject
Global
	GlobalSection(SolutionConfigurationPlatforms) = preSolution
		Debug|Any CPU = Debug|Any CPU
		Release|Any CPU = Release|Any CPU
	EndGlobalSection
	GlobalSection(ProjectConfigurationPlatforms) = postSolution
		{2C515AD0-F114-475F-916B-7BE926C576B1}.Debug|Any CPU.ActiveCfg = Debug|Any CPU
		{2C515AD0-F114-475F-916B-7BE926C576B1}.Debug|Any CPU.Build.0 = Debug|Any CPU
		{2C515AD0-F114-475F-916B-7BE926C576B1}.Release|Any CPU.ActiveCfg = Release|Any CPU
		{2C515AD0-F114-475F-916B-7BE926C576B1}.Release|Any CPU.Build.0 = Release|Any CPU
	EndGlobalSection
	GlobalSection(SolutionProperties) = preSolution
		HideSolutionNode = FALSE
	EndGlobalSection
	GlobalSection(ExtensibilityGlobals) = postSolution
		SolutionGuid = {C050A4A4-3E67-49BC-9A67-63B87D32CDDF}
	EndGlobalSection
EndGlobal
