
Microsoft Visual Studio Solution File, Format Version 12.00
# Visual Studio 15
VisualStudioVersion = 15.0.28010.2016
MinimumVisualStudioVersion = 10.0.40219.1
Project("{FAE04EC0-301F-11D3-BF4B-00C04F79EFBC}") = "FunWithInterfaces", "FunWithInterfaces.csproj", "{673DB83E-B3E8-4DBD-A1BA-D188088F7E96}"
EndProject
Global
	GlobalSection(SolutionConfigurationPlatforms) = preSolution
		Debug|Any CPU = Debug|Any CPU
		Release|Any CPU = Release|Any CPU
	EndGlobalSection
	GlobalSection(ProjectConfigurationPlatforms) = postSolution
		{673DB83E-B3E8-4DBD-A1BA-D188088F7E96}.Debug|Any CPU.ActiveCfg = Debug|Any CPU
		{673DB83E-B3E8-4DBD-A1BA-D188088F7E96}.Debug|Any CPU.Build.0 = Debug|Any CPU
		{673DB83E-B3E8-4DBD-A1BA-D188088F7E96}.Release|Any CPU.ActiveCfg = Release|Any CPU
		{673DB83E-B3E8-4DBD-A1BA-D188088F7E96}.Release|Any CPU.Build.0 = Release|Any CPU
	EndGlobalSection
	GlobalSection(SolutionProperties) = preSolution
		HideSolutionNode = FALSE
	EndGlobalSection
	GlobalSection(ExtensibilityGlobals) = postSolution
		SolutionGuid = {4E37F809-7973-4C3A-A188-3DD11A41DC19}
	EndGlobalSection
EndGlobal
