
Microsoft Visual Studio Solution File, Format Version 12.00
# Visual Studio 15
VisualStudioVersion = 15.0.28010.2016
MinimumVisualStudioVersion = 10.0.40219.1
Project("{FAE04EC0-301F-11D3-BF4B-00C04F79EFBC}") = "RPS2", "RPS2\RPS2.csproj", "{DFAC9676-299E-4FC6-87FF-BE2B927CD180}"
EndProject
Global
	GlobalSection(SolutionConfigurationPlatforms) = preSolution
		Debug|Any CPU = Debug|Any CPU
		Release|Any CPU = Release|Any CPU
	EndGlobalSection
	GlobalSection(ProjectConfigurationPlatforms) = postSolution
		{DFAC9676-299E-4FC6-87FF-BE2B927CD180}.Debug|Any CPU.ActiveCfg = Debug|Any CPU
		{DFAC9676-299E-4FC6-87FF-BE2B927CD180}.Debug|Any CPU.Build.0 = Debug|Any CPU
		{DFAC9676-299E-4FC6-87FF-BE2B927CD180}.Release|Any CPU.ActiveCfg = Release|Any CPU
		{DFAC9676-299E-4FC6-87FF-BE2B927CD180}.Release|Any CPU.Build.0 = Release|Any CPU
	EndGlobalSection
	GlobalSection(SolutionProperties) = preSolution
		HideSolutionNode = FALSE
	EndGlobalSection
	GlobalSection(ExtensibilityGlobals) = postSolution
		SolutionGuid = {61DD57DD-1593-4D65-A9CB-0AC4CAE3C0C2}
	EndGlobalSection
EndGlobal
