
Microsoft Visual Studio Solution File, Format Version 12.00
# Visual Studio 15
VisualStudioVersion = 15.0.28010.2019
MinimumVisualStudioVersion = 10.0.40219.1
Project("{FAE04EC0-301F-11D3-BF4B-00C04F79EFBC}") = "DatabaseWPF", "DatabaseWPF\DatabaseWPF.csproj", "{1D76D201-7CA7-47A7-A179-6F8731A3FE26}"
EndProject
Global
	GlobalSection(SolutionConfigurationPlatforms) = preSolution
		Debug|Any CPU = Debug|Any CPU
		Release|Any CPU = Release|Any CPU
	EndGlobalSection
	GlobalSection(ProjectConfigurationPlatforms) = postSolution
		{1D76D201-7CA7-47A7-A179-6F8731A3FE26}.Debug|Any CPU.ActiveCfg = Debug|Any CPU
		{1D76D201-7CA7-47A7-A179-6F8731A3FE26}.Debug|Any CPU.Build.0 = Debug|Any CPU
		{1D76D201-7CA7-47A7-A179-6F8731A3FE26}.Release|Any CPU.ActiveCfg = Release|Any CPU
		{1D76D201-7CA7-47A7-A179-6F8731A3FE26}.Release|Any CPU.Build.0 = Release|Any CPU
	EndGlobalSection
	GlobalSection(SolutionProperties) = preSolution
		HideSolutionNode = FALSE
	EndGlobalSection
	GlobalSection(ExtensibilityGlobals) = postSolution
		SolutionGuid = {F97BED4A-CA73-488F-82F5-47AC70FB69C9}
	EndGlobalSection
EndGlobal
