
Microsoft Visual Studio Solution File, Format Version 12.00
# Visual Studio 15
VisualStudioVersion = 15.0.28010.2016
MinimumVisualStudioVersion = 10.0.40219.1
Project("{FAE04EC0-301F-11D3-BF4B-00C04F79EFBC}") = "OpenFileDialog", "OpenFileDialog\OpenFileDialog.csproj", "{5EF37A60-1CEF-4B38-A50C-3554D5A5B0DB}"
EndProject
Global
	GlobalSection(SolutionConfigurationPlatforms) = preSolution
		Debug|Any CPU = Debug|Any CPU
		Release|Any CPU = Release|Any CPU
	EndGlobalSection
	GlobalSection(ProjectConfigurationPlatforms) = postSolution
		{5EF37A60-1CEF-4B38-A50C-3554D5A5B0DB}.Debug|Any CPU.ActiveCfg = Debug|Any CPU
		{5EF37A60-1CEF-4B38-A50C-3554D5A5B0DB}.Debug|Any CPU.Build.0 = Debug|Any CPU
		{5EF37A60-1CEF-4B38-A50C-3554D5A5B0DB}.Release|Any CPU.ActiveCfg = Release|Any CPU
		{5EF37A60-1CEF-4B38-A50C-3554D5A5B0DB}.Release|Any CPU.Build.0 = Release|Any CPU
	EndGlobalSection
	GlobalSection(SolutionProperties) = preSolution
		HideSolutionNode = FALSE
	EndGlobalSection
	GlobalSection(ExtensibilityGlobals) = postSolution
		SolutionGuid = {C58B7FC0-E577-4190-A52A-869C52DBB8CA}
	EndGlobalSection
EndGlobal
