
Microsoft Visual Studio Solution File, Format Version 12.00
# Visual Studio 15
VisualStudioVersion = 15.0.28010.2019
MinimumVisualStudioVersion = 10.0.40219.1
Project("{FAE04EC0-301F-11D3-BF4B-00C04F79EFBC}") = "Opgave 9 OOP p2", "Opgave 9 OOP p2\Opgave 9 OOP p2.csproj", "{92850144-E99E-4CB5-ADB0-450381F437F3}"
EndProject
Global
	GlobalSection(SolutionConfigurationPlatforms) = preSolution
		Debug|Any CPU = Debug|Any CPU
		Release|Any CPU = Release|Any CPU
	EndGlobalSection
	GlobalSection(ProjectConfigurationPlatforms) = postSolution
		{92850144-E99E-4CB5-ADB0-450381F437F3}.Debug|Any CPU.ActiveCfg = Debug|Any CPU
		{92850144-E99E-4CB5-ADB0-450381F437F3}.Debug|Any CPU.Build.0 = Debug|Any CPU
		{92850144-E99E-4CB5-ADB0-450381F437F3}.Release|Any CPU.ActiveCfg = Release|Any CPU
		{92850144-E99E-4CB5-ADB0-450381F437F3}.Release|Any CPU.Build.0 = Release|Any CPU
	EndGlobalSection
	GlobalSection(SolutionProperties) = preSolution
		HideSolutionNode = FALSE
	EndGlobalSection
	GlobalSection(ExtensibilityGlobals) = postSolution
		SolutionGuid = {9827F286-1E80-4479-86E2-902C64080F4B}
	EndGlobalSection
EndGlobal
